# This file is autogenerated, do not edit; changes may be undone by the next 'dep ensure'.


[[projects]]
  digest = "1:a571648c5f1a3f20fa405d1cf924b941c5bb236ea6d0565a63c0994e38dd8f82"
  name = "github.com/caarlos0/env"
  packages = ["."]
  pruneopts = "UT"
  revision = "518fcfb943252f77846f92ce5794086d9cb4a1b5"
  version = "v3.5.0"

[[projects]]
  digest = "1:ffe9824d294da03b391f44e1ae8281281b4afc1bdaa9588c9097785e3af10cec"
  name = "github.com/davecgh/go-spew"
  packages = ["spew"]
  pruneopts = "UT"
  revision = "8991bc29aa16c548c550c7ff78260e27b9ab7c73"
  version = "v1.1.1"

[[projects]]
  digest = "1:0a2260bcfa15237979ef496f03fb6af215c247ad998881a4d039992228876ae3"
  name = "github.com/go-pg/pg"
  packages = [
    ".",
    "internal",
    "internal/parser",
    "internal/pool",
    "orm",
    "types",
  ]
  pruneopts = "UT"
  revision = "ae5d5e7df4b2e598390e10b66b849c6af94f092b"
  version = "v6.15.1"

[[projects]]
  digest = "1:bc38c7c481812e178d85160472e231c5e1c9a7f5845d67e23ee4e706933c10d8"
  name = "github.com/golang/mock"
  packages = ["gomock"]
  pruneopts = "UT"
  revision = "c34cdb4725f4c3844d095133c6e40e448b86589b"
  version = "v1.1.1"

[[projects]]
  digest = "1:5d1b5a25486fc7d4e133646d834f6fca7ba1cef9903d40e7aa786c41b89e9e91"
  name = "github.com/golang/protobuf"
  packages = [
    "proto",
    "protoc-gen-go/descriptor",
    "ptypes",
    "ptypes/any",
    "ptypes/duration",
    "ptypes/timestamp",
  ]
  pruneopts = "UT"
  revision = "aa810b61a9c79d51363740d207bb46cf8e620ed5"
  version = "v1.2.0"

[[projects]]
  digest = "1:7b5c6e2eeaa9ae5907c391a91c132abfd5c9e8a784a341b5625e750c67e6825d"
  name = "github.com/gorilla/websocket"
  packages = ["."]
  pruneopts = "UT"
  revision = "66b9c49e59c6c48f0ffce28c2d8b8a5678502c6d"
  version = "v1.4.0"

[[projects]]
  digest = "1:8dfbec76b4834d96c37ba4c4969fc47c9a15e67c5a7eecfa031fbe67dab50429"
  name = "github.com/jackc/pgx"
  packages = [
    ".",
    "chunkreader",
    "internal/sanitize",
    "pgio",
    "pgproto3",
    "pgtype",
  ]
  pruneopts = "UT"
  revision = "89f1e6ac7276b61d885db5e5aed6fcbedd1c7e31"
  version = "v3.2.0"

[[projects]]
  digest = "1:1642d82630adff3904f7965aa1aac2d7bfb8ae93a9b3da849ee38d72bb4c49e7"
  name = "github.com/jeffail/gabs"
  packages = ["."]
  pruneopts = "UT"
  revision = "7be49c3f43696c7ca8c9a76d6836703d83aea404"
  version = "v1.1.1"

[[projects]]
  branch = "master"
  digest = "1:fd97437fbb6b7dce04132cf06775bd258cce305c44add58eb55ca86c6c325160"
  name = "github.com/jinzhu/inflection"
  packages = ["."]
  pruneopts = "UT"
  revision = "04140366298a54a039076d798123ffa108fff46c"

[[projects]]
  branch = "master"
  digest = "1:aa3d8d42865c42626b5c1add193692d045b3188b1479f0a0a88690d21fe20083"
  name = "github.com/mailru/easyjson"
  packages = [
    ".",
    "buffer",
    "jlexer",
    "jwriter",
  ]
  pruneopts = "UT"
  revision = "60711f1a8329503b04e1c88535f419d0bb440bff"

[[projects]]
  digest = "1:c658e84ad3916da105a761660dcaeb01e63416c8ec7bc62256a9b411a05fcd67"
  name = "github.com/mattn/go-colorable"
  packages = ["."]
  pruneopts = "UT"
  revision = "167de6bfdfba052fa6b2d3664c8f5272e23c9072"
  version = "v0.0.9"

[[projects]]
  digest = "1:fa610f9fe6a93f4a75e64c83673dfff9bf1a34bbb21e6102021b6bc7850834a3"
  name = "github.com/mattn/go-isatty"
  packages = ["."]
  pruneopts = "UT"
  revision = "fc9e8d8ef48496124e79ae0df75490096eccf6fe"
  version = "v0.0.2"

[[projects]]
  branch = "master"
  digest = "1:2b32af4d2a529083275afc192d1067d8126b578c7a9613b26600e4df9c735155"
  name = "github.com/mgutz/ansi"
  packages = ["."]
  pruneopts = "UT"
  revision = "9520e82c474b0a04dd04f8a40959027271bab992"

[[projects]]
  digest = "1:1fc201f179a7d45f944655de3cdbfb0a8a226fd525569454e31ca87f9e4bb677"
  name = "github.com/microcosm-cc/bluemonday"
  packages = ["."]
  pruneopts = "UT"
  revision = "82c7118e8ccf7403d4860175d97bb635e8e28239"
  version = "v1.0.1"

[[projects]]
  digest = "1:61332bb44d05257bbf0356d8400a8b30fe0b9fdc3b72b8b55661da8f0a4f39ae"
  name = "github.com/mitchellh/hashstructure"
  packages = ["."]
  pruneopts = "UT"
  revision = "a38c50148365edc8df43c1580c48fb2b3a1e9cd7"
  version = "v1.0.0"

[[projects]]
  branch = "master"
  digest = "1:6d4d9067e639d96a804ee9a30fa89c7233c5c5edbfe736072ff00d48c97bccc4"
  name = "github.com/otiai10/copy"
  packages = ["."]
  pruneopts = "UT"
  revision = "7e9a647135a142c2669943d4a4d29be015ce9392"

[[projects]]
  digest = "1:40e195917a951a8bf867cd05de2a46aaf1806c50cf92eebf4c16f78cd196f747"
  name = "github.com/pkg/errors"
  packages = ["."]
  pruneopts = "UT"
  revision = "645ef00459ed84a119197bfb8d8205042c6df63d"
  version = "v0.8.0"

[[projects]]
  digest = "1:0028cb19b2e4c3112225cd871870f2d9cf49b9b4276531f03438a88e94be86fe"
  name = "github.com/pmezard/go-difflib"
  packages = ["difflib"]
  pruneopts = "UT"
  revision = "792786c7400a136282c1664665ae0a8db921c6c2"
  version = "v1.0.0"

[[projects]]
  digest = "1:2ee0f15eb0fb04f918db7c2dcf39745f40d69f798ef171610a730e8a56aaa4fd"
  name = "github.com/russross/blackfriday"
  packages = ["."]
  pruneopts = "UT"
  revision = "d3b5b032dc8e8927d31a5071b56e14c89f045135"
  version = "v2.0.1"

[[projects]]
  digest = "1:274f67cb6fed9588ea2521ecdac05a6d62a8c51c074c1fccc6a49a40ba80e925"
  name = "github.com/satori/go.uuid"
  packages = ["."]
  pruneopts = "UT"
  revision = "f58768cc1a7a7e77a3bd49e98cdd21419399b6a3"
  version = "v1.2.0"

[[projects]]
  branch = "master"
  digest = "1:def689e73e9252f6f7fe66834a76751a41b767e03daab299e607e7226c58a855"
  name = "github.com/shurcooL/sanitized_anchor_name"
  packages = ["."]
  pruneopts = "UT"
  revision = "86672fcb3f950f35f2e675df2240550f2a50762f"

[[projects]]
  digest = "1:18752d0b95816a1b777505a97f71c7467a8445b8ffb55631a7bf779f6ba4fa83"
  name = "github.com/stretchr/testify"
  packages = ["assert"]
  pruneopts = "UT"
  revision = "f35b8ab0b5a2cef36673838d662e249dd9c94686"
  version = "v1.2.2"

[[projects]]
  branch = "master"
  digest = "1:bc60d24ed0b43550b3526ddbe3a7ca7f2a9a15aacad379fd4584375fc0eadaba"
  name = "github.com/unchartedsoftware/deluge"
  packages = [
    "document",
    "util",
  ]
  pruneopts = "UT"
  revision = "2fed02d559eb90bb6c0cb7f8212c25a474f911e3"

[[projects]]
  branch = "master"
  digest = "1:a06b62f8c48e0f633970ce831cefd3127540a46cc5448d0c8929980c4be0c887"
  name = "github.com/unchartedsoftware/distil-compute"
  packages = [
    "middleware",
    "model",
    "pipeline",
    "primitive/compute",
    "primitive/compute/description",
    "primitive/compute/result",
  ]
  pruneopts = "UT"
  revision = "acc21a36d7a1741476c389a7ca8e2af47ae975a1"

[[projects]]
  digest = "1:70f616a0a3abaf3ca5529b76f8de22471c1d3e56fe2a2689760f6b46d8d67fef"
  name = "github.com/unchartedsoftware/distil-ingest"
  packages = [
    "conf",
    "csv",
    "merge",
    "metadata",
    "postgres",
    "postgres/model",
    "rest",
    "smmry",
  ]
  pruneopts = "UT"
  revision = "1cafd450fec6d567058cc61c776a4a6a4a7ed9b2"
  version = "0.7.0"

[[projects]]
  branch = "master"
  digest = "1:5e969d32a6c01904b2ad695007113b8e088e7b4511d54a400cc45b6143b0342f"
  name = "github.com/unchartedsoftware/plog"
  packages = ["."]
  pruneopts = "UT"
  revision = "34d2bbd3c0a9458feb0752af2b578a23eb8ddc4f"

[[projects]]
  branch = "master"
  digest = "1:a7cbc2532c48a223b5d702e2207e29d12998f45516f68b4acf946808ba2ba7f9"
  name = "github.com/vova616/xxhash"
  packages = ["."]
  pruneopts = "UT"
  revision = "f0a9a8b74d487f9563a527daf3bd6b4fbd3f5d00"

[[projects]]
  digest = "1:e2801f9ea1288e844cff8eac2e7590318f85988fa321f075987dd3923b1e5df5"
  name = "github.com/zenazn/goji"
  packages = [
    "graceful",
    "graceful/listener",
  ]
  pruneopts = "UT"
  revision = "64eb34159fe53473206c2b3e70fe396a639452f2"
  version = "v1.0"

[[projects]]
  digest = "1:356ed667fc203854cc86c9d94a632e7d0c3a30ee0b6ebec484bf6a1b55eeed68"
  name = "goji.io"
  packages = [
    ".",
    "internal",
    "pat",
    "pattern",
  ]
  pruneopts = "UT"
  revision = "9a575ab427c3664b5d8db472a689b3303a0d73c9"
  version = "v2.0.1"

[[projects]]
  branch = "master"
  digest = "1:f92f6956e4059f6a3efc14924d2dd58ba90da25cc57fe07ae3779ef2f5e0c5f2"
  name = "golang.org/x/crypto"
  packages = ["pbkdf2"]
  pruneopts = "UT"
  revision = "3d3f9f413869b949e48070b5bc593aa22cc2b8f2"

[[projects]]
  branch = "master"
  digest = "1:91e16764720d5fc23def26777a8d527badeb72fbb8185d2abb45da448d2dc180"
  name = "golang.org/x/net"
  packages = [
    "context",
    "html",
    "html/atom",
    "http/httpguts",
    "http2",
    "http2/hpack",
    "idna",
    "internal/timeseries",
    "trace",
  ]
  pruneopts = "UT"
  revision = "adae6a3d119ae4890b46832a2e88a95adc62b8e7"

[[projects]]
  branch = "master"
  digest = "1:7ba061af4131fb44b30448572acd0d6fefbf63a61b97b7ef1dea0be5871c2742"
  name = "golang.org/x/sys"
  packages = ["unix"]
  pruneopts = "UT"
  revision = "66b7b1311ac80bbafcd2daeef9a5e6e2cd1e2399"

[[projects]]
  digest = "1:a2ab62866c75542dd18d2b069fec854577a20211d7c0ea6ae746072a1dccdd18"
  name = "golang.org/x/text"
  packages = [
    "collate",
    "collate/build",
    "internal/colltab",
    "internal/gen",
    "internal/tag",
    "internal/triegen",
    "internal/ucd",
    "language",
    "secure/bidirule",
    "transform",
    "unicode/bidi",
    "unicode/cldr",
    "unicode/norm",
    "unicode/rangetable",
  ]
  pruneopts = "UT"
  revision = "f21a4dfb5e38f5895301dc265a8def02365cc3d0"
  version = "v0.3.0"

[[projects]]
  branch = "master"
  digest = "1:56b0bca90b7e5d1facf5fbdacba23e4e0ce069d25381b8e2f70ef1e7ebfb9c1a"
  name = "google.golang.org/genproto"
  packages = ["googleapis/rpc/status"]
  pruneopts = "UT"
  revision = "b5d43981345bdb2c233eb4bf3277847b48c6fdc6"

[[projects]]
  digest = "1:c3ad9841823db6da420a5625b367913b4ff54bbe60e8e3c98bd20e243e62e2d2"
  name = "google.golang.org/grpc"
  packages = [
    ".",
    "balancer",
    "balancer/base",
    "balancer/roundrobin",
    "codes",
    "connectivity",
    "credentials",
    "encoding",
    "encoding/proto",
    "grpclog",
    "internal",
    "internal/backoff",
    "internal/channelz",
    "internal/envconfig",
    "internal/grpcrand",
    "internal/transport",
    "keepalive",
    "metadata",
    "naming",
    "peer",
    "resolver",
    "resolver/dns",
    "resolver/passthrough",
    "stats",
    "status",
    "tap",
  ]
  pruneopts = "UT"
  revision = "2e463a05d100327ca47ac218281906921038fd95"
  version = "v1.16.0"

[[projects]]
  digest = "1:a321cc26048fee52d1604ca2509e80f77be291ad073fdbcc5a50fdbcb375ed2f"
  name = "gopkg.in/olivere/elastic.v5"
  packages = [
    ".",
    "config",
    "uritemplates",
  ]
  pruneopts = "UT"
  revision = "fc3063a8c0686f64e94f4b2c17eb140c06eb6793"
  version = "v5.0.76"

[[projects]]
  digest = "1:999d566ad1ae4303c456af5a155f7b42401cca4fd33552567ed9dd997b107a08"
  name = "mellium.im/sasl"
  packages = ["."]
  pruneopts = "UT"
  revision = "e58e780e1378aa4df5dc705364ff5ae9a4dd1e04"
  version = "v0.2.1"

[solve-meta]
  analyzer-name = "dep"
  analyzer-version = 1
  input-imports = [
    "github.com/caarlos0/env",
    "github.com/davecgh/go-spew/spew",
    "github.com/golang/mock/gomock",
    "github.com/golang/protobuf/proto",
    "github.com/gorilla/websocket",
    "github.com/jackc/pgx",
    "github.com/mattn/go-isatty",
    "github.com/mgutz/ansi",
    "github.com/microcosm-cc/bluemonday",
    "github.com/mitchellh/hashstructure",
    "github.com/otiai10/copy",
    "github.com/pkg/errors",
    "github.com/russross/blackfriday",
    "github.com/satori/go.uuid",
    "github.com/stretchr/testify/assert",
    "github.com/unchartedsoftware/distil-compute/model",
    "github.com/unchartedsoftware/distil-compute/pipeline",
    "github.com/unchartedsoftware/distil-compute/primitive/compute",
    "github.com/unchartedsoftware/distil-compute/primitive/compute/description",
    "github.com/unchartedsoftware/distil-compute/primitive/compute/result",
    "github.com/unchartedsoftware/distil-ingest/conf",
    "github.com/unchartedsoftware/distil-ingest/merge",
    "github.com/unchartedsoftware/distil-ingest/metadata",
    "github.com/unchartedsoftware/distil-ingest/postgres",
    "github.com/unchartedsoftware/distil-ingest/rest",
    "github.com/unchartedsoftware/plog",
    "github.com/vova616/xxhash",
    "github.com/zenazn/goji/graceful",
    "goji.io",
    "goji.io/pat",
    "goji.io/pattern",
    "golang.org/x/net/context",
    "google.golang.org/grpc",
    "gopkg.in/olivere/elastic.v5",
  ]
  solver-name = "gps-cdcl"
  solver-version = 1
