{
  "name": "distil",
  "version": "0.1.0",
  "lockfileVersion": 1,
  "dependencies": {
    "buefy": {
      "version": "0.4.2",
      "resolved": "https://registry.npmjs.org/buefy/-/buefy-0.4.2.tgz",
      "integrity": "sha512-t/FRbOUXIJKSk6SGImtCwr6k8F+2ccbN+X81XZEFiDTJNuVOvoupcD2OVzx64e1Md7cUjk+HaevQqlIjF5zNlA==",
      "dependencies": {
        "bulma": {
          "version": "0.4.2",
          "resolved": "https://registry.npmjs.org/bulma/-/bulma-0.4.2.tgz",
          "integrity": "sha1-O+jIMs9mWL/EIey0H23FqKDHwOU="
        },
        "vue": {
          "version": "2.3.4",
          "resolved": "https://registry.npmjs.org/vue/-/vue-2.3.4.tgz",
          "integrity": "sha512-oLCxuVcVQ2inwSbS7B+zfjB6CSjgQ0yyCOzPcg7S5CXeOCbtkaiN5frR6MtwvrveqbG86OsGd9jWf6JsGyQkLw=="
        }
      }
    }
  }
}
